
Microsoft Visual Studio Solution File, Format Version 12.00
# Visual Studio Version 17
VisualStudioVersion = 17.11.35327.3
MinimumVisualStudioVersion = 10.0.40219.1
Project("{9A19103F-16F7-4668-BE54-9A1E7A4F7556}") = "Practice2_Certi1", "Practice2_Certi1\Practice2_Certi1.csproj", "{53010307-D10C-463E-B9E2-ABF020DC38E0}"
EndProject
Project("{FAE04EC0-301F-11D3-BF4B-00C04F79EFBC}") = "PatientManager", "PatientManager\PatientManager.csproj", "{FCCD8FE0-570B-410B-B1D5-44735CAA6C9A}"
EndProject
Project("{FAE04EC0-301F-11D3-BF4B-00C04F79EFBC}") = "Services", "Services\Services.csproj", "{B05A72A6-FE7B-4DBF-9F6D-C48D8CA1079E}"
EndProject
Global
	GlobalSection(SolutionConfigurationPlatforms) = preSolution
		Debug|Any CPU = Debug|Any CPU
		Release|Any CPU = Release|Any CPU
	EndGlobalSection
	GlobalSection(ProjectConfigurationPlatforms) = postSolution
		{53010307-D10C-463E-B9E2-ABF020DC38E0}.Debug|Any CPU.ActiveCfg = Debug|Any CPU
		{53010307-D10C-463E-B9E2-ABF020DC38E0}.Debug|Any CPU.Build.0 = Debug|Any CPU
		{53010307-D10C-463E-B9E2-ABF020DC38E0}.Release|Any CPU.ActiveCfg = Release|Any CPU
		{53010307-D10C-463E-B9E2-ABF020DC38E0}.Release|Any CPU.Build.0 = Release|Any CPU
		{FCCD8FE0-570B-410B-B1D5-44735CAA6C9A}.Debug|Any CPU.ActiveCfg = Debug|Any CPU
		{FCCD8FE0-570B-410B-B1D5-44735CAA6C9A}.Debug|Any CPU.Build.0 = Debug|Any CPU
		{FCCD8FE0-570B-410B-B1D5-44735CAA6C9A}.Release|Any CPU.ActiveCfg = Release|Any CPU
		{FCCD8FE0-570B-410B-B1D5-44735CAA6C9A}.Release|Any CPU.Build.0 = Release|Any CPU
		{B05A72A6-FE7B-4DBF-9F6D-C48D8CA1079E}.Debug|Any CPU.ActiveCfg = Debug|Any CPU
		{B05A72A6-FE7B-4DBF-9F6D-C48D8CA1079E}.Debug|Any CPU.Build.0 = Debug|Any CPU
		{B05A72A6-FE7B-4DBF-9F6D-C48D8CA1079E}.Release|Any CPU.ActiveCfg = Release|Any CPU
		{B05A72A6-FE7B-4DBF-9F6D-C48D8CA1079E}.Release|Any CPU.Build.0 = Release|Any CPU
	EndGlobalSection
	GlobalSection(SolutionProperties) = preSolution
		HideSolutionNode = FALSE
	EndGlobalSection
	GlobalSection(ExtensibilityGlobals) = postSolution
		SolutionGuid = {CE6F5B88-5089-44F4-AC66-98538C33FC69}
	EndGlobalSection
EndGlobal
